{
  "requires": true,
  "lockfileVersion": 1,
  "dependencies": {
    "ansi-escapes": {
      "version": "3.2.0",
      "resolved": "https://registry.npmjs.org/ansi-escapes/-/ansi-escapes-3.2.0.tgz",
      "integrity": "sha512-cBhpre4ma+U0T1oM5fXg7Dy1Jw7zzwv7lt/GoCpr+hDQJoYnKVPLL4dCvSEFMmQurOQvSrwT7SL/DAlhBI97RQ=="
    },
    "cli-select": {
      "version": "1.1.0",
      "resolved": "https://registry.npmjs.org/cli-select/-/cli-select-1.1.0.tgz",
      "integrity": "sha512-YGxPS23lcLP/JQ1A0oc9B1Y2JAjeiVjlMiLUy8Z/Zrc6c/Za+WjxMw3v4mOybrAjCCg1egsUdyloNzIsJV6R5g==",
      "requires": {
        "ansi-escapes": "^3.2.0"
      }
    }
  }
}
